
Microsoft Visual Studio Solution File, Format Version 12.00
# Visual Studio Version 17
VisualStudioVersion = 17.4.33403.182
MinimumVisualStudioVersion = 10.0.40219.1
Project("{FAE04EC0-301F-11D3-BF4B-00C04F79EFBC}") = "Project", "Project\Project.csproj", "{94EF427B-F2A7-499A-828C-1F3B5A0A7288}"
EndProject
Global
	GlobalSection(SolutionConfigurationPlatforms) = preSolution
		Debug|Any CPU = Debug|Any CPU
		Release|Any CPU = Release|Any CPU
	EndGlobalSection
	GlobalSection(ProjectConfigurationPlatforms) = postSolution
		{94EF427B-F2A7-499A-828C-1F3B5A0A7288}.Debug|Any CPU.ActiveCfg = Debug|Any CPU
		{94EF427B-F2A7-499A-828C-1F3B5A0A7288}.Debug|Any CPU.Build.0 = Debug|Any CPU
		{94EF427B-F2A7-499A-828C-1F3B5A0A7288}.Release|Any CPU.ActiveCfg = Release|Any CPU
		{94EF427B-F2A7-499A-828C-1F3B5A0A7288}.Release|Any CPU.Build.0 = Release|Any CPU
	EndGlobalSection
	GlobalSection(SolutionProperties) = preSolution
		HideSolutionNode = FALSE
	EndGlobalSection
	GlobalSection(ExtensibilityGlobals) = postSolution
		SolutionGuid = {B0BAB28D-979B-484F-BA53-AF926EE751E1}
	EndGlobalSection
EndGlobal
